
Microsoft Visual Studio Solution File, Format Version 12.00
# Visual Studio Version 16
VisualStudioVersion = 16.0.30611.23
MinimumVisualStudioVersion = 10.0.40219.1
Project("{FAE04EC0-301F-11D3-BF4B-00C04F79EFBC}") = "lab11", "lab11\lab11.csproj", "{7E7FB08E-CB63-444C-A2F1-71A6EADDB93B}"
EndProject
Global
	GlobalSection(SolutionConfigurationPlatforms) = preSolution
		Debug|Any CPU = Debug|Any CPU
		Release|Any CPU = Release|Any CPU
	EndGlobalSection
	GlobalSection(ProjectConfigurationPlatforms) = postSolution
		{7E7FB08E-CB63-444C-A2F1-71A6EADDB93B}.Debug|Any CPU.ActiveCfg = Debug|Any CPU
		{7E7FB08E-CB63-444C-A2F1-71A6EADDB93B}.Debug|Any CPU.Build.0 = Debug|Any CPU
		{7E7FB08E-CB63-444C-A2F1-71A6EADDB93B}.Release|Any CPU.ActiveCfg = Release|Any CPU
		{7E7FB08E-CB63-444C-A2F1-71A6EADDB93B}.Release|Any CPU.Build.0 = Release|Any CPU
	EndGlobalSection
	GlobalSection(SolutionProperties) = preSolution
		HideSolutionNode = FALSE
	EndGlobalSection
	GlobalSection(ExtensibilityGlobals) = postSolution
		SolutionGuid = {79F033EC-7C77-4A1E-91FB-5733AE9FE37D}
	EndGlobalSection
EndGlobal
