
Microsoft Visual Studio Solution File, Format Version 12.00
# Visual Studio Version 16
VisualStudioVersion = 16.0.30413.136
MinimumVisualStudioVersion = 10.0.40219.1
Project("{FAE04EC0-301F-11D3-BF4B-00C04F79EFBC}") = "lab6", "lab6\lab6.csproj", "{DCF1858B-E2AF-44ED-8C04-EB5E32DCD74E}"
EndProject
Global
	GlobalSection(SolutionConfigurationPlatforms) = preSolution
		Debug|Any CPU = Debug|Any CPU
		Release|Any CPU = Release|Any CPU
	EndGlobalSection
	GlobalSection(ProjectConfigurationPlatforms) = postSolution
		{DCF1858B-E2AF-44ED-8C04-EB5E32DCD74E}.Debug|Any CPU.ActiveCfg = Debug|Any CPU
		{DCF1858B-E2AF-44ED-8C04-EB5E32DCD74E}.Debug|Any CPU.Build.0 = Debug|Any CPU
		{DCF1858B-E2AF-44ED-8C04-EB5E32DCD74E}.Release|Any CPU.ActiveCfg = Release|Any CPU
		{DCF1858B-E2AF-44ED-8C04-EB5E32DCD74E}.Release|Any CPU.Build.0 = Release|Any CPU
	EndGlobalSection
	GlobalSection(SolutionProperties) = preSolution
		HideSolutionNode = FALSE
	EndGlobalSection
	GlobalSection(ExtensibilityGlobals) = postSolution
		SolutionGuid = {891AED18-DB1C-4EE5-8294-6774B9776657}
	EndGlobalSection
EndGlobal
